PODS:
  - Alamofire (5.6.2)
  - CryptoSwift (1.6.0)
  - OnlinePaymentsKit (2.1.0):
    - Alamofire (~> 5.6)
    - CryptoSwift (~> 1.5)
  - SVProgressHUD (2.2.5)

DEPENDENCIES:
  - OnlinePaymentsKit
  - SVProgressHUD

SPEC REPOS:
  trunk:
    - Alamofire
    - CryptoSwift
    - OnlinePaymentsKit
    - SVProgressHUD

SPEC CHECKSUMS:
  Alamofire: d368e1ff8a298e6dde360e35a3e68e6c610e7204
  CryptoSwift: 562f8eceb40e80796fffc668b0cad9313284cfa6
  OnlinePaymentsKit: e754d1017124ade49c6a9546e54f1badf7dc2bde
  SVProgressHUD: 1428aafac632c1f86f62aa4243ec12008d7a51d6

PODFILE CHECKSUM: f2c3befe8edb2388b1ad26e9840d5ffbeb04ee41

COCOAPODS: 1.11.3
