PODS:
  - Alamofire (5.8.1)
  - CryptoSwift (1.8.0)
  - OnlinePaymentsKit (2.3.0):
    - Alamofire (~> 5.6)
    - CryptoSwift (~> 1.5)
  - SVProgressHUD (2.3.1):
    - SVProgressHUD/Core (= 2.3.1)
  - SVProgressHUD/Core (2.3.1)

DEPENDENCIES:
  - OnlinePaymentsKit
  - SVProgressHUD

SPEC REPOS:
  trunk:
    - Alamofire
    - CryptoSwift
    - OnlinePaymentsKit
    - SVProgressHUD

SPEC CHECKSUMS:
  Alamofire: 3ca42e259043ee0dc5c0cdd76c4bc568b8e42af7
  CryptoSwift: 52aaf3fce7337552863b1d952e408085f0e65030
  OnlinePaymentsKit: 8df644e604168f7eea1cfb132e687d407e5586d0
  SVProgressHUD: 4837c74bdfe2e51e8821c397825996a8d7de6e22

PODFILE CHECKSUM: 216c50cfced3dbf0c7374e20f3685baf7b84d563

COCOAPODS: 1.14.2
