PODS:
  - Alamofire (5.6.2)
  - CryptoSwift (1.6.0)
  - OnlinePaymentsKit (2.0.3):
    - Alamofire (~> 5.6)
    - CryptoSwift (~> 1.5)
  - SVProgressHUD (2.2.5)

DEPENDENCIES:
  - OnlinePaymentsKit
  - SVProgressHUD

SPEC REPOS:
  trunk:
    - Alamofire
    - CryptoSwift
    - OnlinePaymentsKit
    - SVProgressHUD

SPEC CHECKSUMS:
  Alamofire: d368e1ff8a298e6dde360e35a3e68e6c610e7204
  CryptoSwift: 562f8eceb40e80796fffc668b0cad9313284cfa6
  OnlinePaymentsKit: 3573b6023d0078a720dacdfde9543bd9663dd38d
  SVProgressHUD: 1428aafac632c1f86f62aa4243ec12008d7a51d6

PODFILE CHECKSUM: f66667efef6370cd00f94c5945cc3d98291e941a

COCOAPODS: 1.11.3
